// !$*UTF8*$!
{
	archiveVersion = 1;
	classes = {
	};
	objectVersion = 55;
	objects = {

/* Begin PBXBuildFile section */
		7404865428E0F95100101EF9 /* DetailsRepository.swift in Sources */ = {isa = PBXBuildFile; fileRef = 7404865328E0F95100101EF9 /* DetailsRepository.swift */; };
		7404865628E0F9D600101EF9 /* SearchedDetailsUIModel.swift in Sources */ = {isa = PBXBuildFile; fileRef = 7404865528E0F9D600101EF9 /* SearchedDetailsUIModel.swift */; };
		7404865828E0FA6E00101EF9 /* DetailsRemoteService.swift in Sources */ = {isa = PBXBuildFile; fileRef = 7404865728E0FA6E00101EF9 /* DetailsRemoteService.swift */; };
		7404865B28E0FB4100101EF9 /* DetailsResponse.swift in Sources */ = {isa = PBXBuildFile; fileRef = 7404865A28E0FB4100101EF9 /* DetailsResponse.swift */; };
		7406596028D129F200A19B13 /* MovieKOApp.swift in Sources */ = {isa = PBXBuildFile; fileRef = 7406595F28D129F200A19B13 /* MovieKOApp.swift */; };
		7406596228D129F200A19B13 /* ContentView.swift in Sources */ = {isa = PBXBuildFile; fileRef = 7406596128D129F200A19B13 /* ContentView.swift */; };
		7406596428D129F300A19B13 /* Assets.xcassets in Resources */ = {isa = PBXBuildFile; fileRef = 7406596328D129F300A19B13 /* Assets.xcassets */; };
		7406596728D129F300A19B13 /* Preview Assets.xcassets in Resources */ = {isa = PBXBuildFile; fileRef = 7406596628D129F300A19B13 /* Preview Assets.xcassets */; };
		7438C7EA292E178D002C6A23 /* HomeView.swift in Sources */ = {isa = PBXBuildFile; fileRef = 7438C7E9292E178D002C6A23 /* HomeView.swift */; };
		7438C7ED292F75D2002C6A23 /* DiscoverResponse.swift in Sources */ = {isa = PBXBuildFile; fileRef = 7438C7EC292F75D2002C6A23 /* DiscoverResponse.swift */; };
		7438C7EF292F7604002C6A23 /* DiscoverResult.swift in Sources */ = {isa = PBXBuildFile; fileRef = 7438C7EE292F7604002C6A23 /* DiscoverResult.swift */; };
		7438C7F129320EF2002C6A23 /* DiscoverResultUIModel.swift in Sources */ = {isa = PBXBuildFile; fileRef = 7438C7F029320EF2002C6A23 /* DiscoverResultUIModel.swift */; };
		7438C7F32932107D002C6A23 /* DiscoverRemoteService.swift in Sources */ = {isa = PBXBuildFile; fileRef = 7438C7F22932107D002C6A23 /* DiscoverRemoteService.swift */; };
		74C09EB929321B9A00C9D821 /* DiscoverRepository.swift in Sources */ = {isa = PBXBuildFile; fileRef = 74C09EB829321B9A00C9D821 /* DiscoverRepository.swift */; };
		74C34C8C28D3DC8C009623E5 /* NetworkLoader.swift in Sources */ = {isa = PBXBuildFile; fileRef = 74C34C8B28D3DC8C009623E5 /* NetworkLoader.swift */; };
		74C34C8E28D3DDBA009623E5 /* StringExtensions.swift in Sources */ = {isa = PBXBuildFile; fileRef = 74C34C8D28D3DDBA009623E5 /* StringExtensions.swift */; };
		74C34C9028D3DE20009623E5 /* EncodableExtensions.swift in Sources */ = {isa = PBXBuildFile; fileRef = 74C34C8F28D3DE20009623E5 /* EncodableExtensions.swift */; };
		74C34C9228D3DEF4009623E5 /* URLSessionExtensions.swift in Sources */ = {isa = PBXBuildFile; fileRef = 74C34C9128D3DEF4009623E5 /* URLSessionExtensions.swift */; };
		74C34C9428D3E002009623E5 /* HTTPURLResponseExtensions.swift in Sources */ = {isa = PBXBuildFile; fileRef = 74C34C9328D3E002009623E5 /* HTTPURLResponseExtensions.swift */; };
		74C34CA128D3E8CC009623E5 /* MockableModel.swift in Sources */ = {isa = PBXBuildFile; fileRef = 74C34CA028D3E8CC009623E5 /* MockableModel.swift */; };
		74C34CA328D3E8F8009623E5 /* UserFacedError.swift in Sources */ = {isa = PBXBuildFile; fileRef = 74C34CA228D3E8F8009623E5 /* UserFacedError.swift */; };
		74C34CA928D3EFD1009623E5 /* LoadableImage.swift in Sources */ = {isa = PBXBuildFile; fileRef = 74C34CA828D3EFD1009623E5 /* LoadableImage.swift */; };
		74C34CB028D3FA85009623E5 /* MoviePosterCard.swift in Sources */ = {isa = PBXBuildFile; fileRef = 74C34CAF28D3FA85009623E5 /* MoviePosterCard.swift */; };
		74C34CB228D4014E009623E5 /* MoviePosterCarouselView.swift in Sources */ = {isa = PBXBuildFile; fileRef = 74C34CB128D4014E009623E5 /* MoviePosterCarouselView.swift */; };
		74C34CBE28D4FA38009623E5 /* AppConfig.swift in Sources */ = {isa = PBXBuildFile; fileRef = 74C34CBD28D4FA38009623E5 /* AppConfig.swift */; };
		74C34CC628D5BE41009623E5 /* NetworkService.swift in Sources */ = {isa = PBXBuildFile; fileRef = 74C34CC528D5BE41009623E5 /* NetworkService.swift */; };
		74C34CC928D5C265009623E5 /* ServiceRegistrations.swift in Sources */ = {isa = PBXBuildFile; fileRef = 74C34CC828D5C265009623E5 /* ServiceRegistrations.swift */; };
		74C34CCC28D5C2B9009623E5 /* DependencyRegistrationService.swift in Sources */ = {isa = PBXBuildFile; fileRef = 74C34CCB28D5C2B9009623E5 /* DependencyRegistrationService.swift */; };
		74D2746028D62C2D00E42DD9 /* SearchRemoteService.swift in Sources */ = {isa = PBXBuildFile; fileRef = 74D2745F28D62C2D00E42DD9 /* SearchRemoteService.swift */; };
		74D2746228D62C9000E42DD9 /* SearchEndPoints.swift in Sources */ = {isa = PBXBuildFile; fileRef = 74D2746128D62C9000E42DD9 /* SearchEndPoints.swift */; };
		74D2746428D6685400E42DD9 /* AppDelegate.swift in Sources */ = {isa = PBXBuildFile; fileRef = 74D2746328D6685400E42DD9 /* AppDelegate.swift */; };
		74D7879E28D7D14400A531CD /* MultiSearchView.swift in Sources */ = {isa = PBXBuildFile; fileRef = 74D7879D28D7D14400A531CD /* MultiSearchView.swift */; };
		74D787A028D7D15B00A531CD /* MultiSearchViewModel.swift in Sources */ = {isa = PBXBuildFile; fileRef = 74D7879F28D7D15B00A531CD /* MultiSearchViewModel.swift */; };
		74D787A628D8BF7000A531CD /* MovieSearchRepository.swift in Sources */ = {isa = PBXBuildFile; fileRef = 74D787A528D8BF7000A531CD /* MovieSearchRepository.swift */; };
		74D787A928D8C90900A531CD /* SearchCard.swift in Sources */ = {isa = PBXBuildFile; fileRef = 74D787A828D8C90900A531CD /* SearchCard.swift */; };
		74D787AB28D8D35100A531CD /* RepositoryRegistrations.swift in Sources */ = {isa = PBXBuildFile; fileRef = 74D787AA28D8D35100A531CD /* RepositoryRegistrations.swift */; };
		74D787AD28D8D4C800A531CD /* RemoteServiceRegistrations.swift in Sources */ = {isa = PBXBuildFile; fileRef = 74D787AC28D8D4C800A531CD /* RemoteServiceRegistrations.swift */; };
		74D787AF28DA2EB500A531CD /* MovieSearchResultUIModel.swift in Sources */ = {isa = PBXBuildFile; fileRef = 74D787AE28DA2EB500A531CD /* MovieSearchResultUIModel.swift */; };
		74D787B128DA5A2500A531CD /* DateFormatter.swift in Sources */ = {isa = PBXBuildFile; fileRef = 74D787B028DA5A2500A531CD /* DateFormatter.swift */; };
		74E1C49228DC5CD0005B8DB3 /* MultiSearchResponse.swift in Sources */ = {isa = PBXBuildFile; fileRef = 74E1C48E28DC5CD0005B8DB3 /* MultiSearchResponse.swift */; };
		74E1C49328DC5CD0005B8DB3 /* MultiSearchResult.swift in Sources */ = {isa = PBXBuildFile; fileRef = 74E1C48F28DC5CD0005B8DB3 /* MultiSearchResult.swift */; };
		74E1C49B28DE4A8A005B8DB3 /* DetailView.swift in Sources */ = {isa = PBXBuildFile; fileRef = 74E1C49A28DE4A8A005B8DB3 /* DetailView.swift */; };
		74E2D63F292B9DF600EBEEBD /* DetailCard.swift in Sources */ = {isa = PBXBuildFile; fileRef = 74E2D63E292B9DF600EBEEBD /* DetailCard.swift */; };
		74F239A428EB67CD001470E9 /* DetailViewModel.swift in Sources */ = {isa = PBXBuildFile; fileRef = 74F239A328EB67CD001470E9 /* DetailViewModel.swift */; };
		74FF604F28D3D00800AEA274 /* HTTPStatus.swift in Sources */ = {isa = PBXBuildFile; fileRef = 74FF604E28D3D00800AEA274 /* HTTPStatus.swift */; };
		74FF605128D3D0B200AEA274 /* AppError.swift in Sources */ = {isa = PBXBuildFile; fileRef = 74FF605028D3D0B200AEA274 /* AppError.swift */; };
		74FF605328D3D18600AEA274 /* RequestObject.swift in Sources */ = {isa = PBXBuildFile; fileRef = 74FF605228D3D18600AEA274 /* RequestObject.swift */; };
		74FF605528D3D24400AEA274 /* HTTPMethod.swift in Sources */ = {isa = PBXBuildFile; fileRef = 74FF605428D3D24400AEA274 /* HTTPMethod.swift */; };
		74FF605828D3D45A00AEA274 /* URLComponentsExtensions.swift in Sources */ = {isa = PBXBuildFile; fileRef = 74FF605728D3D45A00AEA274 /* URLComponentsExtensions.swift */; };
		74FF605A28D3D6E600AEA274 /* TargetEndpointProtocol.swift in Sources */ = {isa = PBXBuildFile; fileRef = 74FF605928D3D6E600AEA274 /* TargetEndpointProtocol.swift */; };
		74FF605D28D3D76C00AEA274 /* BaseServiceProtocol.swift in Sources */ = {isa = PBXBuildFile; fileRef = 74FF605C28D3D76C00AEA274 /* BaseServiceProtocol.swift */; };
		74FF605F28D3D82500AEA274 /* Requestable.swift in Sources */ = {isa = PBXBuildFile; fileRef = 74FF605E28D3D82500AEA274 /* Requestable.swift */; };
		A0AEB36D06443BA5EB550C9E /* Pods_MovieKO.framework in Frameworks */ = {isa = PBXBuildFile; fileRef = EA2F994F485B5E5851720432 /* Pods_MovieKO.framework */; };
/* End PBXBuildFile section */

/* Begin PBXFileReference section */
		0E4BEAE77337A3499C66F2FB /* Pods-MovieKO.production.xcconfig */ = {isa = PBXFileReference; includeInIndex = 1; lastKnownFileType = text.xcconfig; name = "Pods-MovieKO.production.xcconfig"; path = "Target Support Files/Pods-MovieKO/Pods-MovieKO.production.xcconfig"; sourceTree = "<group>"; };
		7404865328E0F95100101EF9 /* DetailsRepository.swift */ = {isa = PBXFileReference; lastKnownFileType = sourcecode.swift; path = DetailsRepository.swift; sourceTree = "<group>"; };
		7404865528E0F9D600101EF9 /* SearchedDetailsUIModel.swift */ = {isa = PBXFileReference; lastKnownFileType = sourcecode.swift; path = SearchedDetailsUIModel.swift; sourceTree = "<group>"; };
		7404865728E0FA6E00101EF9 /* DetailsRemoteService.swift */ = {isa = PBXFileReference; lastKnownFileType = sourcecode.swift; path = DetailsRemoteService.swift; sourceTree = "<group>"; };
		7404865A28E0FB4100101EF9 /* DetailsResponse.swift */ = {isa = PBXFileReference; lastKnownFileType = sourcecode.swift; path = DetailsResponse.swift; sourceTree = "<group>"; };
		7406595C28D129F200A19B13 /* MovieKO.app */ = {isa = PBXFileReference; explicitFileType = wrapper.application; includeInIndex = 0; path = MovieKO.app; sourceTree = BUILT_PRODUCTS_DIR; };
		7406595F28D129F200A19B13 /* MovieKOApp.swift */ = {isa = PBXFileReference; lastKnownFileType = sourcecode.swift; path = MovieKOApp.swift; sourceTree = "<group>"; };
		7406596128D129F200A19B13 /* ContentView.swift */ = {isa = PBXFileReference; lastKnownFileType = sourcecode.swift; path = ContentView.swift; sourceTree = "<group>"; };
		7406596328D129F300A19B13 /* Assets.xcassets */ = {isa = PBXFileReference; lastKnownFileType = folder.assetcatalog; path = Assets.xcassets; sourceTree = "<group>"; };
		7406596628D129F300A19B13 /* Preview Assets.xcassets */ = {isa = PBXFileReference; lastKnownFileType = folder.assetcatalog; path = "Preview Assets.xcassets"; sourceTree = "<group>"; };
		7438C7E9292E178D002C6A23 /* HomeView.swift */ = {isa = PBXFileReference; lastKnownFileType = sourcecode.swift; path = HomeView.swift; sourceTree = "<group>"; };
		7438C7EC292F75D2002C6A23 /* DiscoverResponse.swift */ = {isa = PBXFileReference; lastKnownFileType = sourcecode.swift; path = DiscoverResponse.swift; sourceTree = "<group>"; };
		7438C7EE292F7604002C6A23 /* DiscoverResult.swift */ = {isa = PBXFileReference; lastKnownFileType = sourcecode.swift; path = DiscoverResult.swift; sourceTree = "<group>"; };
		7438C7F029320EF2002C6A23 /* DiscoverResultUIModel.swift */ = {isa = PBXFileReference; lastKnownFileType = sourcecode.swift; path = DiscoverResultUIModel.swift; sourceTree = "<group>"; };
		7438C7F22932107D002C6A23 /* DiscoverRemoteService.swift */ = {isa = PBXFileReference; lastKnownFileType = sourcecode.swift; path = DiscoverRemoteService.swift; sourceTree = "<group>"; };
		74C09EB829321B9A00C9D821 /* DiscoverRepository.swift */ = {isa = PBXFileReference; lastKnownFileType = sourcecode.swift; path = DiscoverRepository.swift; sourceTree = "<group>"; };
		74C34C8B28D3DC8C009623E5 /* NetworkLoader.swift */ = {isa = PBXFileReference; lastKnownFileType = sourcecode.swift; path = NetworkLoader.swift; sourceTree = "<group>"; };
		74C34C8D28D3DDBA009623E5 /* StringExtensions.swift */ = {isa = PBXFileReference; lastKnownFileType = sourcecode.swift; path = StringExtensions.swift; sourceTree = "<group>"; };
		74C34C8F28D3DE20009623E5 /* EncodableExtensions.swift */ = {isa = PBXFileReference; lastKnownFileType = sourcecode.swift; path = EncodableExtensions.swift; sourceTree = "<group>"; };
		74C34C9128D3DEF4009623E5 /* URLSessionExtensions.swift */ = {isa = PBXFileReference; lastKnownFileType = sourcecode.swift; path = URLSessionExtensions.swift; sourceTree = "<group>"; };
		74C34C9328D3E002009623E5 /* HTTPURLResponseExtensions.swift */ = {isa = PBXFileReference; lastKnownFileType = sourcecode.swift; path = HTTPURLResponseExtensions.swift; sourceTree = "<group>"; };
		74C34C9F28D3E46B009623E5 /* README.md */ = {isa = PBXFileReference; lastKnownFileType = net.daringfireball.markdown; path = README.md; sourceTree = "<group>"; };
		74C34CA028D3E8CC009623E5 /* MockableModel.swift */ = {isa = PBXFileReference; lastKnownFileType = sourcecode.swift; path = MockableModel.swift; sourceTree = "<group>"; };
		74C34CA228D3E8F8009623E5 /* UserFacedError.swift */ = {isa = PBXFileReference; lastKnownFileType = sourcecode.swift; path = UserFacedError.swift; sourceTree = "<group>"; };
		74C34CA828D3EFD1009623E5 /* LoadableImage.swift */ = {isa = PBXFileReference; lastKnownFileType = sourcecode.swift; path = LoadableImage.swift; sourceTree = "<group>"; };
		74C34CAF28D3FA85009623E5 /* MoviePosterCard.swift */ = {isa = PBXFileReference; lastKnownFileType = sourcecode.swift; path = MoviePosterCard.swift; sourceTree = "<group>"; };
		74C34CB128D4014E009623E5 /* MoviePosterCarouselView.swift */ = {isa = PBXFileReference; lastKnownFileType = sourcecode.swift; path = MoviePosterCarouselView.swift; sourceTree = "<group>"; };
		74C34CBD28D4FA38009623E5 /* AppConfig.swift */ = {isa = PBXFileReference; lastKnownFileType = sourcecode.swift; path = AppConfig.swift; sourceTree = "<group>"; };
		74C34CC528D5BE41009623E5 /* NetworkService.swift */ = {isa = PBXFileReference; lastKnownFileType = sourcecode.swift; path = NetworkService.swift; sourceTree = "<group>"; };
		74C34CC828D5C265009623E5 /* ServiceRegistrations.swift */ = {isa = PBXFileReference; lastKnownFileType = sourcecode.swift; path = ServiceRegistrations.swift; sourceTree = "<group>"; };
		74C34CCB28D5C2B9009623E5 /* DependencyRegistrationService.swift */ = {isa = PBXFileReference; lastKnownFileType = sourcecode.swift; path = DependencyRegistrationService.swift; sourceTree = "<group>"; };
		74D2745728D60A5C00E42DD9 /* Info.plist */ = {isa = PBXFileReference; lastKnownFileType = text.plist; path = Info.plist; sourceTree = "<group>"; };
		74D2745F28D62C2D00E42DD9 /* SearchRemoteService.swift */ = {isa = PBXFileReference; lastKnownFileType = sourcecode.swift; path = SearchRemoteService.swift; sourceTree = "<group>"; };
		74D2746128D62C9000E42DD9 /* SearchEndPoints.swift */ = {isa = PBXFileReference; lastKnownFileType = sourcecode.swift; path = SearchEndPoints.swift; sourceTree = "<group>"; };
		74D2746328D6685400E42DD9 /* AppDelegate.swift */ = {isa = PBXFileReference; lastKnownFileType = sourcecode.swift; path = AppDelegate.swift; sourceTree = "<group>"; };
		74D7879D28D7D14400A531CD /* MultiSearchView.swift */ = {isa = PBXFileReference; lastKnownFileType = sourcecode.swift; path = MultiSearchView.swift; sourceTree = "<group>"; };
		74D7879F28D7D15B00A531CD /* MultiSearchViewModel.swift */ = {isa = PBXFileReference; lastKnownFileType = sourcecode.swift; path = MultiSearchViewModel.swift; sourceTree = "<group>"; };
		74D787A528D8BF7000A531CD /* MovieSearchRepository.swift */ = {isa = PBXFileReference; lastKnownFileType = sourcecode.swift; path = MovieSearchRepository.swift; sourceTree = "<group>"; };
		74D787A828D8C90900A531CD /* SearchCard.swift */ = {isa = PBXFileReference; lastKnownFileType = sourcecode.swift; path = SearchCard.swift; sourceTree = "<group>"; };
		74D787AA28D8D35100A531CD /* RepositoryRegistrations.swift */ = {isa = PBXFileReference; lastKnownFileType = sourcecode.swift; path = RepositoryRegistrations.swift; sourceTree = "<group>"; };
		74D787AC28D8D4C800A531CD /* RemoteServiceRegistrations.swift */ = {isa = PBXFileReference; lastKnownFileType = sourcecode.swift; path = RemoteServiceRegistrations.swift; sourceTree = "<group>"; };
		74D787AE28DA2EB500A531CD /* MovieSearchResultUIModel.swift */ = {isa = PBXFileReference; lastKnownFileType = sourcecode.swift; path = MovieSearchResultUIModel.swift; sourceTree = "<group>"; };
		74D787B028DA5A2500A531CD /* DateFormatter.swift */ = {isa = PBXFileReference; lastKnownFileType = sourcecode.swift; path = DateFormatter.swift; sourceTree = "<group>"; };
		74E1C48E28DC5CD0005B8DB3 /* MultiSearchResponse.swift */ = {isa = PBXFileReference; fileEncoding = 4; lastKnownFileType = sourcecode.swift; path = MultiSearchResponse.swift; sourceTree = "<group>"; };
		74E1C48F28DC5CD0005B8DB3 /* MultiSearchResult.swift */ = {isa = PBXFileReference; fileEncoding = 4; lastKnownFileType = sourcecode.swift; path = MultiSearchResult.swift; sourceTree = "<group>"; };
		74E1C49A28DE4A8A005B8DB3 /* DetailView.swift */ = {isa = PBXFileReference; lastKnownFileType = sourcecode.swift; path = DetailView.swift; sourceTree = "<group>"; };
		74E2D63E292B9DF600EBEEBD /* DetailCard.swift */ = {isa = PBXFileReference; lastKnownFileType = sourcecode.swift; path = DetailCard.swift; sourceTree = "<group>"; };
		74F239A328EB67CD001470E9 /* DetailViewModel.swift */ = {isa = PBXFileReference; lastKnownFileType = sourcecode.swift; path = DetailViewModel.swift; sourceTree = "<group>"; };
		74FF604E28D3D00800AEA274 /* HTTPStatus.swift */ = {isa = PBXFileReference; lastKnownFileType = sourcecode.swift; path = HTTPStatus.swift; sourceTree = "<group>"; };
		74FF605028D3D0B200AEA274 /* AppError.swift */ = {isa = PBXFileReference; lastKnownFileType = sourcecode.swift; path = AppError.swift; sourceTree = "<group>"; };
		74FF605228D3D18600AEA274 /* RequestObject.swift */ = {isa = PBXFileReference; lastKnownFileType = sourcecode.swift; path = RequestObject.swift; sourceTree = "<group>"; };
		74FF605428D3D24400AEA274 /* HTTPMethod.swift */ = {isa = PBXFileReference; lastKnownFileType = sourcecode.swift; path = HTTPMethod.swift; sourceTree = "<group>"; };
		74FF605728D3D45A00AEA274 /* URLComponentsExtensions.swift */ = {isa = PBXFileReference; lastKnownFileType = sourcecode.swift; path = URLComponentsExtensions.swift; sourceTree = "<group>"; };
		74FF605928D3D6E600AEA274 /* TargetEndpointProtocol.swift */ = {isa = PBXFileReference; lastKnownFileType = sourcecode.swift; path = TargetEndpointProtocol.swift; sourceTree = "<group>"; };
		74FF605C28D3D76C00AEA274 /* BaseServiceProtocol.swift */ = {isa = PBXFileReference; lastKnownFileType = sourcecode.swift; path = BaseServiceProtocol.swift; sourceTree = "<group>"; };
		74FF605E28D3D82500AEA274 /* Requestable.swift */ = {isa = PBXFileReference; lastKnownFileType = sourcecode.swift; path = Requestable.swift; sourceTree = "<group>"; };
		8FB19CE910D66DC654E1FD2A /* Pods-MovieKO.staging.xcconfig */ = {isa = PBXFileReference; includeInIndex = 1; lastKnownFileType = text.xcconfig; name = "Pods-MovieKO.staging.xcconfig"; path = "Target Support Files/Pods-MovieKO/Pods-MovieKO.staging.xcconfig"; sourceTree = "<group>"; };
		C23CE57022BE81D873F051CE /* Pods-MovieKO.development.xcconfig */ = {isa = PBXFileReference; includeInIndex = 1; lastKnownFileType = text.xcconfig; name = "Pods-MovieKO.development.xcconfig"; path = "Target Support Files/Pods-MovieKO/Pods-MovieKO.development.xcconfig"; sourceTree = "<group>"; };
		C282B5735032605249B07F6B /* Pods-MovieKO.release.xcconfig */ = {isa = PBXFileReference; includeInIndex = 1; lastKnownFileType = text.xcconfig; name = "Pods-MovieKO.release.xcconfig"; path = "Target Support Files/Pods-MovieKO/Pods-MovieKO.release.xcconfig"; sourceTree = "<group>"; };
		EA2F994F485B5E5851720432 /* Pods_MovieKO.framework */ = {isa = PBXFileReference; explicitFileType = wrapper.framework; includeInIndex = 0; path = Pods_MovieKO.framework; sourceTree = BUILT_PRODUCTS_DIR; };
/* End PBXFileReference section */

/* Begin PBXFrameworksBuildPhase section */
		7406595928D129F200A19B13 /* Frameworks */ = {
			isa = PBXFrameworksBuildPhase;
			buildActionMask = 2147483647;
			files = (
				A0AEB36D06443BA5EB550C9E /* Pods_MovieKO.framework in Frameworks */,
			);
			runOnlyForDeploymentPostprocessing = 0;
		};
/* End PBXFrameworksBuildPhase section */

/* Begin PBXGroup section */
		355F90D7DF2BFB44FBFFC3BD /* Frameworks */ = {
			isa = PBXGroup;
			children = (
				EA2F994F485B5E5851720432 /* Pods_MovieKO.framework */,
			);
			name = Frameworks;
			sourceTree = "<group>";
		};
		51F120C631FB917D673E79C9 /* Pods */ = {
			isa = PBXGroup;
			children = (
				8FB19CE910D66DC654E1FD2A /* Pods-MovieKO.staging.xcconfig */,
				C23CE57022BE81D873F051CE /* Pods-MovieKO.development.xcconfig */,
				0E4BEAE77337A3499C66F2FB /* Pods-MovieKO.production.xcconfig */,
				C282B5735032605249B07F6B /* Pods-MovieKO.release.xcconfig */,
			);
			path = Pods;
			sourceTree = "<group>";
		};
		7404865928E0FB3200101EF9 /* DetailsResponse */ = {
			isa = PBXGroup;
			children = (
				7404865A28E0FB4100101EF9 /* DetailsResponse.swift */,
			);
			path = DetailsResponse;
			sourceTree = "<group>";
		};
		7406595328D129F200A19B13 = {
			isa = PBXGroup;
			children = (
				74C34C9F28D3E46B009623E5 /* README.md */,
				7406595E28D129F200A19B13 /* MovieKO */,
				7406595D28D129F200A19B13 /* Products */,
				51F120C631FB917D673E79C9 /* Pods */,
				355F90D7DF2BFB44FBFFC3BD /* Frameworks */,
			);
			sourceTree = "<group>";
		};
		7406595D28D129F200A19B13 /* Products */ = {
			isa = PBXGroup;
			children = (
				7406595C28D129F200A19B13 /* MovieKO.app */,
			);
			name = Products;
			sourceTree = "<group>";
		};
		7406595E28D129F200A19B13 /* MovieKO */ = {
			isa = PBXGroup;
			children = (
				74D2745728D60A5C00E42DD9 /* Info.plist */,
				74C34CCA28D5C29D009623E5 /* AppDelegateServices */,
				74C34CC728D5C246009623E5 /* DepencyInjections */,
				74C34CAA28D3F7D4009623E5 /* Bindings */,
				74C34C9928D3E219009623E5 /* Application */,
				74C34C9828D3E158009623E5 /* Core */,
				7406596128D129F200A19B13 /* ContentView.swift */,
				7406595F28D129F200A19B13 /* MovieKOApp.swift */,
				74D2746328D6685400E42DD9 /* AppDelegate.swift */,
				74C34CBD28D4FA38009623E5 /* AppConfig.swift */,
				7406596328D129F300A19B13 /* Assets.xcassets */,
				7406596528D129F300A19B13 /* Preview Content */,
			);
			path = MovieKO;
			sourceTree = "<group>";
		};
		7406596528D129F300A19B13 /* Preview Content */ = {
			isa = PBXGroup;
			children = (
				7406596628D129F300A19B13 /* Preview Assets.xcassets */,
			);
			path = "Preview Content";
			sourceTree = "<group>";
		};
		7406596E28D12A1000A19B13 /* Modules */ = {
			isa = PBXGroup;
			children = (
				74E1C49728DE49F4005B8DB3 /* DetailView */,
				74D7879C28D7D12E00A531CD /* MultiSearchView */,
				74C34CA528D3EF67009623E5 /* DiscoverMovies */,
			);
			path = Modules;
			sourceTree = "<group>";
		};
		7438C7EB292F7525002C6A23 /* DiscoverResponse */ = {
			isa = PBXGroup;
			children = (
				7438C7EC292F75D2002C6A23 /* DiscoverResponse.swift */,
				7438C7EE292F7604002C6A23 /* DiscoverResult.swift */,
			);
			path = DiscoverResponse;
			sourceTree = "<group>";
		};
		74C34C9528D3E0D4009623E5 /* Extensions */ = {
			isa = PBXGroup;
			children = (
				74C34C8D28D3DDBA009623E5 /* StringExtensions.swift */,
			);
			path = Extensions;
			sourceTree = "<group>";
		};
		74C34C9828D3E158009623E5 /* Core */ = {
			isa = PBXGroup;
			children = (
				74C34C9528D3E0D4009623E5 /* Extensions */,
				74FF604C28D3CFDE00AEA274 /* Network */,
			);
			path = Core;
			sourceTree = "<group>";
		};
		74C34C9928D3E219009623E5 /* Application */ = {
			isa = PBXGroup;
			children = (
				74C34C9A28D3E270009623E5 /* Network */,
				7406596E28D12A1000A19B13 /* Modules */,
				74C34C9B28D3E280009623E5 /* Data */,
			);
			path = Application;
			sourceTree = "<group>";
		};
		74C34C9A28D3E270009623E5 /* Network */ = {
			isa = PBXGroup;
			children = (
				74C34CC528D5BE41009623E5 /* NetworkService.swift */,
				74C34CB828D4F25F009623E5 /* RemoteServices */,
				74D2745E28D6141000E42DD9 /* EndPoints */,
			);
			path = Network;
			sourceTree = "<group>";
		};
		74C34C9B28D3E280009623E5 /* Data */ = {
			isa = PBXGroup;
			children = (
				74E1C48D28DC5CD0005B8DB3 /* Responses */,
				74C34C9D28D3E32D009623E5 /* Models */,
				74D787A728D8BF7400A531CD /* Repositories */,
			);
			path = Data;
			sourceTree = "<group>";
		};
		74C34C9D28D3E32D009623E5 /* Models */ = {
			isa = PBXGroup;
			children = (
				74C34CA028D3E8CC009623E5 /* MockableModel.swift */,
				74C34CA228D3E8F8009623E5 /* UserFacedError.swift */,
				74C34CA428D3E96A009623E5 /* UIModels */,
			);
			path = Models;
			sourceTree = "<group>";
		};
		74C34CA428D3E96A009623E5 /* UIModels */ = {
			isa = PBXGroup;
			children = (
				74D787AE28DA2EB500A531CD /* MovieSearchResultUIModel.swift */,
				7404865528E0F9D600101EF9 /* SearchedDetailsUIModel.swift */,
				7438C7F029320EF2002C6A23 /* DiscoverResultUIModel.swift */,
			);
			path = UIModels;
			sourceTree = "<group>";
		};
		74C34CA528D3EF67009623E5 /* DiscoverMovies */ = {
			isa = PBXGroup;
			children = (
				74C34CAF28D3FA85009623E5 /* MoviePosterCard.swift */,
				74C34CB128D4014E009623E5 /* MoviePosterCarouselView.swift */,
				7438C7E9292E178D002C6A23 /* HomeView.swift */,
			);
			path = DiscoverMovies;
			sourceTree = "<group>";
		};
		74C34CAA28D3F7D4009623E5 /* Bindings */ = {
			isa = PBXGroup;
			children = (
				74C34CA828D3EFD1009623E5 /* LoadableImage.swift */,
			);
			path = Bindings;
			sourceTree = "<group>";
		};
		74C34CB828D4F25F009623E5 /* RemoteServices */ = {
			isa = PBXGroup;
			children = (
				74D2745F28D62C2D00E42DD9 /* SearchRemoteService.swift */,
				7404865728E0FA6E00101EF9 /* DetailsRemoteService.swift */,
				7438C7F22932107D002C6A23 /* DiscoverRemoteService.swift */,
			);
			path = RemoteServices;
			sourceTree = "<group>";
		};
		74C34CC728D5C246009623E5 /* DepencyInjections */ = {
			isa = PBXGroup;
			children = (
				74D787AC28D8D4C800A531CD /* RemoteServiceRegistrations.swift */,
				74D787AA28D8D35100A531CD /* RepositoryRegistrations.swift */,
				74C34CC828D5C265009623E5 /* ServiceRegistrations.swift */,
			);
			path = DepencyInjections;
			sourceTree = "<group>";
		};
		74C34CCA28D5C29D009623E5 /* AppDelegateServices */ = {
			isa = PBXGroup;
			children = (
				74C34CCB28D5C2B9009623E5 /* DependencyRegistrationService.swift */,
			);
			path = AppDelegateServices;
			sourceTree = "<group>";
		};
		74D2745E28D6141000E42DD9 /* EndPoints */ = {
			isa = PBXGroup;
			children = (
				74D2746128D62C9000E42DD9 /* SearchEndPoints.swift */,
			);
			path = EndPoints;
			sourceTree = "<group>";
		};
		74D7879C28D7D12E00A531CD /* MultiSearchView */ = {
			isa = PBXGroup;
			children = (
				74D7879D28D7D14400A531CD /* MultiSearchView.swift */,
				74D7879F28D7D15B00A531CD /* MultiSearchViewModel.swift */,
				74D787A828D8C90900A531CD /* SearchCard.swift */,
			);
			path = MultiSearchView;
			sourceTree = "<group>";
		};
		74D787A728D8BF7400A531CD /* Repositories */ = {
			isa = PBXGroup;
			children = (
				74D787A528D8BF7000A531CD /* MovieSearchRepository.swift */,
				7404865328E0F95100101EF9 /* DetailsRepository.swift */,
				74C09EB829321B9A00C9D821 /* DiscoverRepository.swift */,
			);
			path = Repositories;
			sourceTree = "<group>";
		};
		74E1C48D28DC5CD0005B8DB3 /* Responses */ = {
			isa = PBXGroup;
			children = (
				7438C7EB292F7525002C6A23 /* DiscoverResponse */,
				7404865928E0FB3200101EF9 /* DetailsResponse */,
				74E1C49628DC5CD8005B8DB3 /* MultiSearchResponse */,
			);
			name = Responses;
			path = MovieKO/Application/Data/Responses;
			sourceTree = SOURCE_ROOT;
		};
		74E1C49628DC5CD8005B8DB3 /* MultiSearchResponse */ = {
			isa = PBXGroup;
			children = (
				74E1C48E28DC5CD0005B8DB3 /* MultiSearchResponse.swift */,
				74E1C48F28DC5CD0005B8DB3 /* MultiSearchResult.swift */,
			);
			path = MultiSearchResponse;
			sourceTree = "<group>";
		};
		74E1C49728DE49F4005B8DB3 /* DetailView */ = {
			isa = PBXGroup;
			children = (
				74E1C49A28DE4A8A005B8DB3 /* DetailView.swift */,
				74F239A328EB67CD001470E9 /* DetailViewModel.swift */,
				74E2D63E292B9DF600EBEEBD /* DetailCard.swift */,
			);
			path = DetailView;
			sourceTree = "<group>";
		};
		74FF604C28D3CFDE00AEA274 /* Network */ = {
			isa = PBXGroup;
			children = (
				74FF605B28D3D6EB00AEA274 /* Protocols */,
				74FF605628D3D44500AEA274 /* Extensions */,
				74FF604D28D3CFF400AEA274 /* Entities */,
			);
			path = Network;
			sourceTree = "<group>";
		};
		74FF604D28D3CFF400AEA274 /* Entities */ = {
			isa = PBXGroup;
			children = (
				74FF605428D3D24400AEA274 /* HTTPMethod.swift */,
				74FF604E28D3D00800AEA274 /* HTTPStatus.swift */,
				74FF605028D3D0B200AEA274 /* AppError.swift */,
				74FF605228D3D18600AEA274 /* RequestObject.swift */,
				74D787B028DA5A2500A531CD /* DateFormatter.swift */,
			);
			path = Entities;
			sourceTree = "<group>";
		};
		74FF605628D3D44500AEA274 /* Extensions */ = {
			isa = PBXGroup;
			children = (
				74FF605728D3D45A00AEA274 /* URLComponentsExtensions.swift */,
				74C34C8F28D3DE20009623E5 /* EncodableExtensions.swift */,
				74C34C9128D3DEF4009623E5 /* URLSessionExtensions.swift */,
				74C34C9328D3E002009623E5 /* HTTPURLResponseExtensions.swift */,
			);
			path = Extensions;
			sourceTree = "<group>";
		};
		74FF605B28D3D6EB00AEA274 /* Protocols */ = {
			isa = PBXGroup;
			children = (
				74FF605928D3D6E600AEA274 /* TargetEndpointProtocol.swift */,
				74FF605C28D3D76C00AEA274 /* BaseServiceProtocol.swift */,
				74FF605E28D3D82500AEA274 /* Requestable.swift */,
				74C34C8B28D3DC8C009623E5 /* NetworkLoader.swift */,
			);
			path = Protocols;
			sourceTree = "<group>";
		};
/* End PBXGroup section */

/* Begin PBXNativeTarget section */
		7406595B28D129F200A19B13 /* MovieKO */ = {
			isa = PBXNativeTarget;
			buildConfigurationList = 7406596A28D129F300A19B13 /* Build configuration list for PBXNativeTarget "MovieKO" */;
			buildPhases = (
				143FE95BD646008F893400CE /* [CP] Check Pods Manifest.lock */,
				7406595828D129F200A19B13 /* Sources */,
				7406595928D129F200A19B13 /* Frameworks */,
				7406595A28D129F200A19B13 /* Resources */,
				915E2D73CE460AF5D8E3DB27 /* [CP] Embed Pods Frameworks */,
			);
			buildRules = (
			);
			dependencies = (
			);
			name = MovieKO;
			productName = MovieKO;
			productReference = 7406595C28D129F200A19B13 /* MovieKO.app */;
			productType = "com.apple.product-type.application";
		};
/* End PBXNativeTarget section */

/* Begin PBXProject section */
		7406595428D129F200A19B13 /* Project object */ = {
			isa = PBXProject;
			attributes = {
				BuildIndependentTargetsInParallel = 1;
				LastSwiftUpdateCheck = 1340;
				LastUpgradeCheck = 1340;
				TargetAttributes = {
					7406595B28D129F200A19B13 = {
						CreatedOnToolsVersion = 13.4.1;
					};
				};
			};
			buildConfigurationList = 7406595728D129F200A19B13 /* Build configuration list for PBXProject "MovieKO" */;
			compatibilityVersion = "Xcode 13.0";
			developmentRegion = en;
			hasScannedForEncodings = 0;
			knownRegions = (
				en,
				Base,
			);
			mainGroup = 7406595328D129F200A19B13;
			productRefGroup = 7406595D28D129F200A19B13 /* Products */;
			projectDirPath = "";
			projectRoot = "";
			targets = (
				7406595B28D129F200A19B13 /* MovieKO */,
			);
		};
/* End PBXProject section */

/* Begin PBXResourcesBuildPhase section */
		7406595A28D129F200A19B13 /* Resources */ = {
			isa = PBXResourcesBuildPhase;
			buildActionMask = 2147483647;
			files = (
				7406596728D129F300A19B13 /* Preview Assets.xcassets in Resources */,
				7406596428D129F300A19B13 /* Assets.xcassets in Resources */,
			);
			runOnlyForDeploymentPostprocessing = 0;
		};
/* End PBXResourcesBuildPhase section */

/* Begin PBXShellScriptBuildPhase section */
		143FE95BD646008F893400CE /* [CP] Check Pods Manifest.lock */ = {
			isa = PBXShellScriptBuildPhase;
			buildActionMask = 2147483647;
			files = (
			);
			inputFileListPaths = (
			);
			inputPaths = (
				"${PODS_PODFILE_DIR_PATH}/Podfile.lock",
				"${PODS_ROOT}/Manifest.lock",
			);
			name = "[CP] Check Pods Manifest.lock";
			outputFileListPaths = (
			);
			outputPaths = (
				"$(DERIVED_FILE_DIR)/Pods-MovieKO-checkManifestLockResult.txt",
			);
			runOnlyForDeploymentPostprocessing = 0;
			shellPath = /bin/sh;
			shellScript = "diff \"${PODS_PODFILE_DIR_PATH}/Podfile.lock\" \"${PODS_ROOT}/Manifest.lock\" > /dev/null\nif [ $? != 0 ] ; then\n    # print error to STDERR\n    echo \"error: The sandbox is not in sync with the Podfile.lock. Run 'pod install' or update your CocoaPods installation.\" >&2\n    exit 1\nfi\n# This output is used by Xcode 'outputs' to avoid re-running this script phase.\necho \"SUCCESS\" > \"${SCRIPT_OUTPUT_FILE_0}\"\n";
			showEnvVarsInLog = 0;
		};
		915E2D73CE460AF5D8E3DB27 /* [CP] Embed Pods Frameworks */ = {
			isa = PBXShellScriptBuildPhase;
			buildActionMask = 2147483647;
			files = (
			);
			inputFileListPaths = (
				"${PODS_ROOT}/Target Support Files/Pods-MovieKO/Pods-MovieKO-frameworks-${CONFIGURATION}-input-files.xcfilelist",
			);
			name = "[CP] Embed Pods Frameworks";
			outputFileListPaths = (
				"${PODS_ROOT}/Target Support Files/Pods-MovieKO/Pods-MovieKO-frameworks-${CONFIGURATION}-output-files.xcfilelist",
			);
			runOnlyForDeploymentPostprocessing = 0;
			shellPath = /bin/sh;
			shellScript = "\"${PODS_ROOT}/Target Support Files/Pods-MovieKO/Pods-MovieKO-frameworks.sh\"\n";
			showEnvVarsInLog = 0;
		};
/* End PBXShellScriptBuildPhase section */

/* Begin PBXSourcesBuildPhase section */
		7406595828D129F200A19B13 /* Sources */ = {
			isa = PBXSourcesBuildPhase;
			buildActionMask = 2147483647;
			files = (
				74D787AF28DA2EB500A531CD /* MovieSearchResultUIModel.swift in Sources */,
				7438C7F32932107D002C6A23 /* DiscoverRemoteService.swift in Sources */,
				7406596228D129F200A19B13 /* ContentView.swift in Sources */,
				74F239A428EB67CD001470E9 /* DetailViewModel.swift in Sources */,
				7438C7ED292F75D2002C6A23 /* DiscoverResponse.swift in Sources */,
				74C34CA328D3E8F8009623E5 /* UserFacedError.swift in Sources */,
				74C34CC628D5BE41009623E5 /* NetworkService.swift in Sources */,
				74D787A028D7D15B00A531CD /* MultiSearchViewModel.swift in Sources */,
				74D2746028D62C2D00E42DD9 /* SearchRemoteService.swift in Sources */,
				74D787AD28D8D4C800A531CD /* RemoteServiceRegistrations.swift in Sources */,
				74D2746428D6685400E42DD9 /* AppDelegate.swift in Sources */,
				74C34CB228D4014E009623E5 /* MoviePosterCarouselView.swift in Sources */,
				74C09EB929321B9A00C9D821 /* DiscoverRepository.swift in Sources */,
				74D787B128DA5A2500A531CD /* DateFormatter.swift in Sources */,
				7406596028D129F200A19B13 /* MovieKOApp.swift in Sources */,
				74C34C9228D3DEF4009623E5 /* URLSessionExtensions.swift in Sources */,
				74D7879E28D7D14400A531CD /* MultiSearchView.swift in Sources */,
				74D787A928D8C90900A531CD /* SearchCard.swift in Sources */,
				74FF605A28D3D6E600AEA274 /* TargetEndpointProtocol.swift in Sources */,
				74C34CA128D3E8CC009623E5 /* MockableModel.swift in Sources */,
				74FF605828D3D45A00AEA274 /* URLComponentsExtensions.swift in Sources */,
				7438C7F129320EF2002C6A23 /* DiscoverResultUIModel.swift in Sources */,
				7438C7EA292E178D002C6A23 /* HomeView.swift in Sources */,
				74FF605D28D3D76C00AEA274 /* BaseServiceProtocol.swift in Sources */,
				74C34CBE28D4FA38009623E5 /* AppConfig.swift in Sources */,
				74E1C49328DC5CD0005B8DB3 /* MultiSearchResult.swift in Sources */,
				74FF605528D3D24400AEA274 /* HTTPMethod.swift in Sources */,
				74E1C49228DC5CD0005B8DB3 /* MultiSearchResponse.swift in Sources */,
				7404865828E0FA6E00101EF9 /* DetailsRemoteService.swift in Sources */,
				7404865B28E0FB4100101EF9 /* DetailsResponse.swift in Sources */,
				7438C7EF292F7604002C6A23 /* DiscoverResult.swift in Sources */,
				74C34C8C28D3DC8C009623E5 /* NetworkLoader.swift in Sources */,
				74C34CB028D3FA85009623E5 /* MoviePosterCard.swift in Sources */,
				74FF604F28D3D00800AEA274 /* HTTPStatus.swift in Sources */,
				74FF605F28D3D82500AEA274 /* Requestable.swift in Sources */,
				74FF605328D3D18600AEA274 /* RequestObject.swift in Sources */,
				7404865628E0F9D600101EF9 /* SearchedDetailsUIModel.swift in Sources */,
				7404865428E0F95100101EF9 /* DetailsRepository.swift in Sources */,
				74E2D63F292B9DF600EBEEBD /* DetailCard.swift in Sources */,
				74D2746228D62C9000E42DD9 /* SearchEndPoints.swift in Sources */,
				74D787A628D8BF7000A531CD /* MovieSearchRepository.swift in Sources */,
				74C34C9428D3E002009623E5 /* HTTPURLResponseExtensions.swift in Sources */,
				74C34CA928D3EFD1009623E5 /* LoadableImage.swift in Sources */,
				74C34CC928D5C265009623E5 /* ServiceRegistrations.swift in Sources */,
				74D787AB28D8D35100A531CD /* RepositoryRegistrations.swift in Sources */,
				74C34C8E28D3DDBA009623E5 /* StringExtensions.swift in Sources */,
				74FF605128D3D0B200AEA274 /* AppError.swift in Sources */,
				74E1C49B28DE4A8A005B8DB3 /* DetailView.swift in Sources */,
				74C34CCC28D5C2B9009623E5 /* DependencyRegistrationService.swift in Sources */,
				74C34C9028D3DE20009623E5 /* EncodableExtensions.swift in Sources */,
			);
			runOnlyForDeploymentPostprocessing = 0;
		};
/* End PBXSourcesBuildPhase section */

/* Begin XCBuildConfiguration section */
		7406596928D129F300A19B13 /* Release */ = {
			isa = XCBuildConfiguration;
			buildSettings = {
				ALWAYS_SEARCH_USER_PATHS = NO;
				CLANG_ANALYZER_NONNULL = YES;
				CLANG_ANALYZER_NUMBER_OBJECT_CONVERSION = YES_AGGRESSIVE;
				CLANG_CXX_LANGUAGE_STANDARD = "gnu++17";
				CLANG_ENABLE_MODULES = YES;
				CLANG_ENABLE_OBJC_ARC = YES;
				CLANG_ENABLE_OBJC_WEAK = YES;
				CLANG_WARN_BLOCK_CAPTURE_AUTORELEASING = YES;
				CLANG_WARN_BOOL_CONVERSION = YES;
				CLANG_WARN_COMMA = YES;
				CLANG_WARN_CONSTANT_CONVERSION = YES;
				CLANG_WARN_DEPRECATED_OBJC_IMPLEMENTATIONS = YES;
				CLANG_WARN_DIRECT_OBJC_ISA_USAGE = YES_ERROR;
				CLANG_WARN_DOCUMENTATION_COMMENTS = YES;
				CLANG_WARN_EMPTY_BODY = YES;
				CLANG_WARN_ENUM_CONVERSION = YES;
				CLANG_WARN_INFINITE_RECURSION = YES;
				CLANG_WARN_INT_CONVERSION = YES;
				CLANG_WARN_NON_LITERAL_NULL_CONVERSION = YES;
				CLANG_WARN_OBJC_IMPLICIT_RETAIN_SELF = YES;
				CLANG_WARN_OBJC_LITERAL_CONVERSION = YES;
				CLANG_WARN_OBJC_ROOT_CLASS = YES_ERROR;
				CLANG_WARN_QUOTED_INCLUDE_IN_FRAMEWORK_HEADER = YES;
				CLANG_WARN_RANGE_LOOP_ANALYSIS = YES;
				CLANG_WARN_STRICT_PROTOTYPES = YES;
				CLANG_WARN_SUSPICIOUS_MOVE = YES;
				CLANG_WARN_UNGUARDED_AVAILABILITY = YES_AGGRESSIVE;
				CLANG_WARN_UNREACHABLE_CODE = YES;
				CLANG_WARN__DUPLICATE_METHOD_MATCH = YES;
				COPY_PHASE_STRIP = NO;
				DEBUG_INFORMATION_FORMAT = "dwarf-with-dsym";
				ENABLE_NS_ASSERTIONS = NO;
				ENABLE_STRICT_OBJC_MSGSEND = YES;
				GCC_C_LANGUAGE_STANDARD = gnu11;
				GCC_NO_COMMON_BLOCKS = YES;
				GCC_WARN_64_TO_32_BIT_CONVERSION = YES;
				GCC_WARN_ABOUT_RETURN_TYPE = YES_ERROR;
				GCC_WARN_UNDECLARED_SELECTOR = YES;
				GCC_WARN_UNINITIALIZED_AUTOS = YES_AGGRESSIVE;
				GCC_WARN_UNUSED_FUNCTION = YES;
				GCC_WARN_UNUSED_VARIABLE = YES;
				IPHONEOS_DEPLOYMENT_TARGET = 15.5;
				MTL_ENABLE_DEBUG_INFO = NO;
				MTL_FAST_MATH = YES;
				SDKROOT = iphoneos;
				SWIFT_COMPILATION_MODE = wholemodule;
				SWIFT_OPTIMIZATION_LEVEL = "-O";
				VALIDATE_PRODUCT = YES;
			};
			name = Release;
		};
		7406596C28D129F300A19B13 /* Release */ = {
			isa = XCBuildConfiguration;
			baseConfigurationReference = C282B5735032605249B07F6B /* Pods-MovieKO.release.xcconfig */;
			buildSettings = {
				ASSETCATALOG_COMPILER_APPICON_NAME = AppIcon;
				ASSETCATALOG_COMPILER_GLOBAL_ACCENT_COLOR_NAME = AccentColor;
				CODE_SIGN_STYLE = Automatic;
				CURRENT_PROJECT_VERSION = 1;
				DEVELOPMENT_ASSET_PATHS = "\"MovieKO/Preview Content\"";
				DEVELOPMENT_TEAM = 3JFC7AD7WA;
				ENABLE_PREVIEWS = YES;
				GENERATE_INFOPLIST_FILE = YES;
				INFOPLIST_FILE = MovieKO/Info.plist;
				INFOPLIST_KEY_UIApplicationSceneManifest_Generation = YES;
				INFOPLIST_KEY_UIApplicationSupportsIndirectInputEvents = YES;
				INFOPLIST_KEY_UILaunchScreen_Generation = YES;
				INFOPLIST_KEY_UISupportedInterfaceOrientations = UIInterfaceOrientationPortrait;
				INFOPLIST_KEY_UISupportedInterfaceOrientations_iPad = "UIInterfaceOrientationLandscapeLeft UIInterfaceOrientationLandscapeRight UIInterfaceOrientationPortrait UIInterfaceOrientationPortraitUpsideDown";
				LD_RUNPATH_SEARCH_PATHS = (
					"$(inherited)",
					"@executable_path/Frameworks",
				);
				MARKETING_VERSION = 1.0;
				PRODUCT_BUNDLE_IDENTIFIER = comMuhammed.MovieKO;
				PRODUCT_NAME = "$(TARGET_NAME)";
				SUPPORTED_PLATFORMS = "iphoneos iphonesimulator";
				SUPPORTS_MACCATALYST = NO;
				SUPPORTS_MAC_DESIGNED_FOR_IPHONE_IPAD = NO;
				SWIFT_EMIT_LOC_STRINGS = YES;
				SWIFT_VERSION = 5.0;
				TARGETED_DEVICE_FAMILY = 1;
			};
			name = Release;
		};
		74D2745828D60A8E00E42DD9 /* Development */ = {
			isa = XCBuildConfiguration;
			buildSettings = {
				ALWAYS_SEARCH_USER_PATHS = NO;
				CLANG_ANALYZER_NONNULL = YES;
				CLANG_ANALYZER_NUMBER_OBJECT_CONVERSION = YES_AGGRESSIVE;
				CLANG_CXX_LANGUAGE_STANDARD = "gnu++17";
				CLANG_ENABLE_MODULES = YES;
				CLANG_ENABLE_OBJC_ARC = YES;
				CLANG_ENABLE_OBJC_WEAK = YES;
				CLANG_WARN_BLOCK_CAPTURE_AUTORELEASING = YES;
				CLANG_WARN_BOOL_CONVERSION = YES;
				CLANG_WARN_COMMA = YES;
				CLANG_WARN_CONSTANT_CONVERSION = YES;
				CLANG_WARN_DEPRECATED_OBJC_IMPLEMENTATIONS = YES;
				CLANG_WARN_DIRECT_OBJC_ISA_USAGE = YES_ERROR;
				CLANG_WARN_DOCUMENTATION_COMMENTS = YES;
				CLANG_WARN_EMPTY_BODY = YES;
				CLANG_WARN_ENUM_CONVERSION = YES;
				CLANG_WARN_INFINITE_RECURSION = YES;
				CLANG_WARN_INT_CONVERSION = YES;
				CLANG_WARN_NON_LITERAL_NULL_CONVERSION = YES;
				CLANG_WARN_OBJC_IMPLICIT_RETAIN_SELF = YES;
				CLANG_WARN_OBJC_LITERAL_CONVERSION = YES;
				CLANG_WARN_OBJC_ROOT_CLASS = YES_ERROR;
				CLANG_WARN_QUOTED_INCLUDE_IN_FRAMEWORK_HEADER = YES;
				CLANG_WARN_RANGE_LOOP_ANALYSIS = YES;
				CLANG_WARN_STRICT_PROTOTYPES = YES;
				CLANG_WARN_SUSPICIOUS_MOVE = YES;
				CLANG_WARN_UNGUARDED_AVAILABILITY = YES_AGGRESSIVE;
				CLANG_WARN_UNREACHABLE_CODE = YES;
				CLANG_WARN__DUPLICATE_METHOD_MATCH = YES;
				COPY_PHASE_STRIP = NO;
				DEBUG_INFORMATION_FORMAT = dwarf;
				ENABLE_STRICT_OBJC_MSGSEND = YES;
				ENABLE_TESTABILITY = YES;
				GCC_C_LANGUAGE_STANDARD = gnu11;
				GCC_DYNAMIC_NO_PIC = NO;
				GCC_NO_COMMON_BLOCKS = YES;
				GCC_OPTIMIZATION_LEVEL = 0;
				GCC_PREPROCESSOR_DEFINITIONS = (
					"DEBUG=1",
					"$(inherited)",
				);
				GCC_WARN_64_TO_32_BIT_CONVERSION = YES;
				GCC_WARN_ABOUT_RETURN_TYPE = YES_ERROR;
				GCC_WARN_UNDECLARED_SELECTOR = YES;
				GCC_WARN_UNINITIALIZED_AUTOS = YES_AGGRESSIVE;
				GCC_WARN_UNUSED_FUNCTION = YES;
				GCC_WARN_UNUSED_VARIABLE = YES;
				IPHONEOS_DEPLOYMENT_TARGET = 15.5;
				MTL_ENABLE_DEBUG_INFO = INCLUDE_SOURCE;
				MTL_FAST_MATH = YES;
				ONLY_ACTIVE_ARCH = YES;
				SDKROOT = iphoneos;
				SWIFT_ACTIVE_COMPILATION_CONDITIONS = DEBUG;
				SWIFT_OPTIMIZATION_LEVEL = "-Onone";
			};
			name = Development;
		};
		74D2745928D60A8E00E42DD9 /* Development */ = {
			isa = XCBuildConfiguration;
			baseConfigurationReference = C23CE57022BE81D873F051CE /* Pods-MovieKO.development.xcconfig */;
			buildSettings = {
				ASSETCATALOG_COMPILER_APPICON_NAME = AppIcon;
				ASSETCATALOG_COMPILER_GLOBAL_ACCENT_COLOR_NAME = AccentColor;
				CODE_SIGN_STYLE = Automatic;
				CURRENT_PROJECT_VERSION = 1;
				DEVELOPMENT_ASSET_PATHS = "\"MovieKO/Preview Content\"";
				DEVELOPMENT_TEAM = 3JFC7AD7WA;
				ENABLE_PREVIEWS = YES;
				GENERATE_INFOPLIST_FILE = YES;
				INFOPLIST_FILE = MovieKO/Info.plist;
				INFOPLIST_KEY_UIApplicationSceneManifest_Generation = YES;
				INFOPLIST_KEY_UIApplicationSupportsIndirectInputEvents = YES;
				INFOPLIST_KEY_UILaunchScreen_Generation = YES;
				INFOPLIST_KEY_UISupportedInterfaceOrientations = UIInterfaceOrientationPortrait;
				INFOPLIST_KEY_UISupportedInterfaceOrientations_iPad = "UIInterfaceOrientationLandscapeLeft UIInterfaceOrientationLandscapeRight UIInterfaceOrientationPortrait UIInterfaceOrientationPortraitUpsideDown";
				LD_RUNPATH_SEARCH_PATHS = (
					"$(inherited)",
					"@executable_path/Frameworks",
				);
				MARKETING_VERSION = 1.0;
				PRODUCT_BUNDLE_IDENTIFIER = comMuhammed.MovieKO;
				PRODUCT_NAME = "$(TARGET_NAME)";
				SUPPORTED_PLATFORMS = "iphoneos iphonesimulator";
				SUPPORTS_MACCATALYST = NO;
				SUPPORTS_MAC_DESIGNED_FOR_IPHONE_IPAD = NO;
				SWIFT_EMIT_LOC_STRINGS = YES;
				SWIFT_VERSION = 5.0;
				TARGETED_DEVICE_FAMILY = 1;
			};
			name = Development;
		};
		74D2745A28D60A9600E42DD9 /* Production */ = {
			isa = XCBuildConfiguration;
			buildSettings = {
				ALWAYS_SEARCH_USER_PATHS = NO;
				CLANG_ANALYZER_NONNULL = YES;
				CLANG_ANALYZER_NUMBER_OBJECT_CONVERSION = YES_AGGRESSIVE;
				CLANG_CXX_LANGUAGE_STANDARD = "gnu++17";
				CLANG_ENABLE_MODULES = YES;
				CLANG_ENABLE_OBJC_ARC = YES;
				CLANG_ENABLE_OBJC_WEAK = YES;
				CLANG_WARN_BLOCK_CAPTURE_AUTORELEASING = YES;
				CLANG_WARN_BOOL_CONVERSION = YES;
				CLANG_WARN_COMMA = YES;
				CLANG_WARN_CONSTANT_CONVERSION = YES;
				CLANG_WARN_DEPRECATED_OBJC_IMPLEMENTATIONS = YES;
				CLANG_WARN_DIRECT_OBJC_ISA_USAGE = YES_ERROR;
				CLANG_WARN_DOCUMENTATION_COMMENTS = YES;
				CLANG_WARN_EMPTY_BODY = YES;
				CLANG_WARN_ENUM_CONVERSION = YES;
				CLANG_WARN_INFINITE_RECURSION = YES;
				CLANG_WARN_INT_CONVERSION = YES;
				CLANG_WARN_NON_LITERAL_NULL_CONVERSION = YES;
				CLANG_WARN_OBJC_IMPLICIT_RETAIN_SELF = YES;
				CLANG_WARN_OBJC_LITERAL_CONVERSION = YES;
				CLANG_WARN_OBJC_ROOT_CLASS = YES_ERROR;
				CLANG_WARN_QUOTED_INCLUDE_IN_FRAMEWORK_HEADER = YES;
				CLANG_WARN_RANGE_LOOP_ANALYSIS = YES;
				CLANG_WARN_STRICT_PROTOTYPES = YES;
				CLANG_WARN_SUSPICIOUS_MOVE = YES;
				CLANG_WARN_UNGUARDED_AVAILABILITY = YES_AGGRESSIVE;
				CLANG_WARN_UNREACHABLE_CODE = YES;
				CLANG_WARN__DUPLICATE_METHOD_MATCH = YES;
				COPY_PHASE_STRIP = NO;
				DEBUG_INFORMATION_FORMAT = dwarf;
				ENABLE_STRICT_OBJC_MSGSEND = YES;
				ENABLE_TESTABILITY = YES;
				GCC_C_LANGUAGE_STANDARD = gnu11;
				GCC_DYNAMIC_NO_PIC = NO;
				GCC_NO_COMMON_BLOCKS = YES;
				GCC_OPTIMIZATION_LEVEL = 0;
				GCC_PREPROCESSOR_DEFINITIONS = (
					"DEBUG=1",
					"$(inherited)",
				);
				GCC_WARN_64_TO_32_BIT_CONVERSION = YES;
				GCC_WARN_ABOUT_RETURN_TYPE = YES_ERROR;
				GCC_WARN_UNDECLARED_SELECTOR = YES;
				GCC_WARN_UNINITIALIZED_AUTOS = YES_AGGRESSIVE;
				GCC_WARN_UNUSED_FUNCTION = YES;
				GCC_WARN_UNUSED_VARIABLE = YES;
				IPHONEOS_DEPLOYMENT_TARGET = 15.5;
				MTL_ENABLE_DEBUG_INFO = INCLUDE_SOURCE;
				MTL_FAST_MATH = YES;
				ONLY_ACTIVE_ARCH = YES;
				SDKROOT = iphoneos;
				SWIFT_ACTIVE_COMPILATION_CONDITIONS = DEBUG;
				SWIFT_OPTIMIZATION_LEVEL = "-Onone";
			};
			name = Production;
		};
		74D2745B28D60A9600E42DD9 /* Production */ = {
			isa = XCBuildConfiguration;
			baseConfigurationReference = 0E4BEAE77337A3499C66F2FB /* Pods-MovieKO.production.xcconfig */;
			buildSettings = {
				ASSETCATALOG_COMPILER_APPICON_NAME = AppIcon;
				ASSETCATALOG_COMPILER_GLOBAL_ACCENT_COLOR_NAME = AccentColor;
				CODE_SIGN_STYLE = Automatic;
				CURRENT_PROJECT_VERSION = 1;
				DEVELOPMENT_ASSET_PATHS = "\"MovieKO/Preview Content\"";
				DEVELOPMENT_TEAM = 3JFC7AD7WA;
				ENABLE_PREVIEWS = YES;
				GENERATE_INFOPLIST_FILE = YES;
				INFOPLIST_FILE = MovieKO/Info.plist;
				INFOPLIST_KEY_UIApplicationSceneManifest_Generation = YES;
				INFOPLIST_KEY_UIApplicationSupportsIndirectInputEvents = YES;
				INFOPLIST_KEY_UILaunchScreen_Generation = YES;
				INFOPLIST_KEY_UISupportedInterfaceOrientations = UIInterfaceOrientationPortrait;
				INFOPLIST_KEY_UISupportedInterfaceOrientations_iPad = "UIInterfaceOrientationLandscapeLeft UIInterfaceOrientationLandscapeRight UIInterfaceOrientationPortrait UIInterfaceOrientationPortraitUpsideDown";
				LD_RUNPATH_SEARCH_PATHS = (
					"$(inherited)",
					"@executable_path/Frameworks",
				);
				MARKETING_VERSION = 1.0;
				PRODUCT_BUNDLE_IDENTIFIER = comMuhammed.MovieKO;
				PRODUCT_NAME = "$(TARGET_NAME)";
				SUPPORTED_PLATFORMS = "iphoneos iphonesimulator";
				SUPPORTS_MACCATALYST = NO;
				SUPPORTS_MAC_DESIGNED_FOR_IPHONE_IPAD = NO;
				SWIFT_EMIT_LOC_STRINGS = YES;
				SWIFT_VERSION = 5.0;
				TARGETED_DEVICE_FAMILY = 1;
			};
			name = Production;
		};
		74D2745C28D60A9E00E42DD9 /* Staging */ = {
			isa = XCBuildConfiguration;
			buildSettings = {
				ALWAYS_SEARCH_USER_PATHS = NO;
				CLANG_ANALYZER_NONNULL = YES;
				CLANG_ANALYZER_NUMBER_OBJECT_CONVERSION = YES_AGGRESSIVE;
				CLANG_CXX_LANGUAGE_STANDARD = "gnu++17";
				CLANG_ENABLE_MODULES = YES;
				CLANG_ENABLE_OBJC_ARC = YES;
				CLANG_ENABLE_OBJC_WEAK = YES;
				CLANG_WARN_BLOCK_CAPTURE_AUTORELEASING = YES;
				CLANG_WARN_BOOL_CONVERSION = YES;
				CLANG_WARN_COMMA = YES;
				CLANG_WARN_CONSTANT_CONVERSION = YES;
				CLANG_WARN_DEPRECATED_OBJC_IMPLEMENTATIONS = YES;
				CLANG_WARN_DIRECT_OBJC_ISA_USAGE = YES_ERROR;
				CLANG_WARN_DOCUMENTATION_COMMENTS = YES;
				CLANG_WARN_EMPTY_BODY = YES;
				CLANG_WARN_ENUM_CONVERSION = YES;
				CLANG_WARN_INFINITE_RECURSION = YES;
				CLANG_WARN_INT_CONVERSION = YES;
				CLANG_WARN_NON_LITERAL_NULL_CONVERSION = YES;
				CLANG_WARN_OBJC_IMPLICIT_RETAIN_SELF = YES;
				CLANG_WARN_OBJC_LITERAL_CONVERSION = YES;
				CLANG_WARN_OBJC_ROOT_CLASS = YES_ERROR;
				CLANG_WARN_QUOTED_INCLUDE_IN_FRAMEWORK_HEADER = YES;
				CLANG_WARN_RANGE_LOOP_ANALYSIS = YES;
				CLANG_WARN_STRICT_PROTOTYPES = YES;
				CLANG_WARN_SUSPICIOUS_MOVE = YES;
				CLANG_WARN_UNGUARDED_AVAILABILITY = YES_AGGRESSIVE;
				CLANG_WARN_UNREACHABLE_CODE = YES;
				CLANG_WARN__DUPLICATE_METHOD_MATCH = YES;
				COPY_PHASE_STRIP = NO;
				DEBUG_INFORMATION_FORMAT = dwarf;
				ENABLE_STRICT_OBJC_MSGSEND = YES;
				ENABLE_TESTABILITY = YES;
				GCC_C_LANGUAGE_STANDARD = gnu11;
				GCC_DYNAMIC_NO_PIC = NO;
				GCC_NO_COMMON_BLOCKS = YES;
				GCC_OPTIMIZATION_LEVEL = 0;
				GCC_PREPROCESSOR_DEFINITIONS = (
					"DEBUG=1",
					"$(inherited)",
				);
				GCC_WARN_64_TO_32_BIT_CONVERSION = YES;
				GCC_WARN_ABOUT_RETURN_TYPE = YES_ERROR;
				GCC_WARN_UNDECLARED_SELECTOR = YES;
				GCC_WARN_UNINITIALIZED_AUTOS = YES_AGGRESSIVE;
				GCC_WARN_UNUSED_FUNCTION = YES;
				GCC_WARN_UNUSED_VARIABLE = YES;
				IPHONEOS_DEPLOYMENT_TARGET = 15.5;
				MTL_ENABLE_DEBUG_INFO = INCLUDE_SOURCE;
				MTL_FAST_MATH = YES;
				ONLY_ACTIVE_ARCH = YES;
				SDKROOT = iphoneos;
				SWIFT_ACTIVE_COMPILATION_CONDITIONS = DEBUG;
				SWIFT_OPTIMIZATION_LEVEL = "-Onone";
			};
			name = Staging;
		};
		74D2745D28D60A9E00E42DD9 /* Staging */ = {
			isa = XCBuildConfiguration;
			baseConfigurationReference = 8FB19CE910D66DC654E1FD2A /* Pods-MovieKO.staging.xcconfig */;
			buildSettings = {
				ASSETCATALOG_COMPILER_APPICON_NAME = AppIcon;
				ASSETCATALOG_COMPILER_GLOBAL_ACCENT_COLOR_NAME = AccentColor;
				CODE_SIGN_STYLE = Automatic;
				CURRENT_PROJECT_VERSION = 1;
				DEVELOPMENT_ASSET_PATHS = "\"MovieKO/Preview Content\"";
				DEVELOPMENT_TEAM = 3JFC7AD7WA;
				ENABLE_PREVIEWS = YES;
				GENERATE_INFOPLIST_FILE = YES;
				INFOPLIST_FILE = MovieKO/Info.plist;
				INFOPLIST_KEY_UIApplicationSceneManifest_Generation = YES;
				INFOPLIST_KEY_UIApplicationSupportsIndirectInputEvents = YES;
				INFOPLIST_KEY_UILaunchScreen_Generation = YES;
				INFOPLIST_KEY_UISupportedInterfaceOrientations = UIInterfaceOrientationPortrait;
				INFOPLIST_KEY_UISupportedInterfaceOrientations_iPad = "UIInterfaceOrientationLandscapeLeft UIInterfaceOrientationLandscapeRight UIInterfaceOrientationPortrait UIInterfaceOrientationPortraitUpsideDown";
				LD_RUNPATH_SEARCH_PATHS = (
					"$(inherited)",
					"@executable_path/Frameworks",
				);
				MARKETING_VERSION = 1.0;
				PRODUCT_BUNDLE_IDENTIFIER = comMuhammed.MovieKO;
				PRODUCT_NAME = "$(TARGET_NAME)";
				SUPPORTED_PLATFORMS = "iphoneos iphonesimulator";
				SUPPORTS_MACCATALYST = NO;
				SUPPORTS_MAC_DESIGNED_FOR_IPHONE_IPAD = NO;
				SWIFT_EMIT_LOC_STRINGS = YES;
				SWIFT_VERSION = 5.0;
				TARGETED_DEVICE_FAMILY = 1;
			};
			name = Staging;
		};
/* End XCBuildConfiguration section */

/* Begin XCConfigurationList section */
		7406595728D129F200A19B13 /* Build configuration list for PBXProject "MovieKO" */ = {
			isa = XCConfigurationList;
			buildConfigurations = (
				74D2745C28D60A9E00E42DD9 /* Staging */,
				74D2745828D60A8E00E42DD9 /* Development */,
				74D2745A28D60A9600E42DD9 /* Production */,
				7406596928D129F300A19B13 /* Release */,
			);
			defaultConfigurationIsVisible = 0;
			defaultConfigurationName = Release;
		};
		7406596A28D129F300A19B13 /* Build configuration list for PBXNativeTarget "MovieKO" */ = {
			isa = XCConfigurationList;
			buildConfigurations = (
				74D2745D28D60A9E00E42DD9 /* Staging */,
				74D2745928D60A8E00E42DD9 /* Development */,
				74D2745B28D60A9600E42DD9 /* Production */,
				7406596C28D129F300A19B13 /* Release */,
			);
			defaultConfigurationIsVisible = 0;
			defaultConfigurationName = Release;
		};
/* End XCConfigurationList section */
	};
	rootObject = 7406595428D129F200A19B13 /* Project object */;
}
